// !$*UTF8*$!
{
	archiveVersion = 1;
	classes = {
	};
	objectVersion = 46;
	objects = {

/* Begin PBXBuildFile section */
		4104E7BD1DAEB0DD0005B019 /* SwiftyJSON.framework in Frameworks */ = {isa = PBXBuildFile; fileRef = 4104E7BC1DAEB0DD0005B019 /* SwiftyJSON.framework */; };
		4113833C1DB3A2BA005530CE /* AlamofireImage.framework in Frameworks */ = {isa = PBXBuildFile; fileRef = 4113833B1DB3A2BA005530CE /* AlamofireImage.framework */; };
		412651F81DAEB51100865395 /* Main.storyboard in Resources */ = {isa = PBXBuildFile; fileRef = 41F405551DAEB4CC00B17E0E /* Main.storyboard */; };
		412B31A41DAEB1A0003DD5FE /* Assets.xcassets in Resources */ = {isa = PBXBuildFile; fileRef = 412B31A31DAEB1A0003DD5FE /* Assets.xcassets */; };
		412B31A81DAEB1BE003DD5FE /* AppDelegate.swift in Sources */ = {isa = PBXBuildFile; fileRef = 412B31A71DAEB1BE003DD5FE /* AppDelegate.swift */; };
		412B31AA1DAEB1CF003DD5FE /* ImageHelper.swift in Sources */ = {isa = PBXBuildFile; fileRef = 412B31A91DAEB1CF003DD5FE /* ImageHelper.swift */; };
		412B31AC1DAEB1DA003DD5FE /* ViewController.swift in Sources */ = {isa = PBXBuildFile; fileRef = 412B31AB1DAEB1DA003DD5FE /* ViewController.swift */; };
		412B31AE1DAEB1E2003DD5FE /* Launch.xib in Resources */ = {isa = PBXBuildFile; fileRef = 412B31AD1DAEB1E2003DD5FE /* Launch.xib */; };
		412B31B21DAEB24D003DD5FE /* Environment.swift in Sources */ = {isa = PBXBuildFile; fileRef = 412B31B11DAEB24D003DD5FE /* Environment.swift */; };
		412B31B41DAEB259003DD5FE /* Environment.plist in Resources */ = {isa = PBXBuildFile; fileRef = 412B31B31DAEB259003DD5FE /* Environment.plist */; };
		41BB7D8B1D9C65530007ADFE /* Alamofire.framework in Frameworks */ = {isa = PBXBuildFile; fileRef = 41BB7D8A1D9C65530007ADFE /* Alamofire.framework */; };
		41F405371DAEB45800B17E0E /* AsyncButton.swift in Sources */ = {isa = PBXBuildFile; fileRef = 41F405191DAEB45800B17E0E /* AsyncButton.swift */; };
		41F405381DAEB45800B17E0E /* AsyncImageView.swift in Sources */ = {isa = PBXBuildFile; fileRef = 41F4051A1DAEB45800B17E0E /* AsyncImageView.swift */; };
		41F405391DAEB45800B17E0E /* AutoTextView.swift in Sources */ = {isa = PBXBuildFile; fileRef = 41F4051B1DAEB45800B17E0E /* AutoTextView.swift */; };
		41F4053A1DAEB45800B17E0E /* BlurView.swift in Sources */ = {isa = PBXBuildFile; fileRef = 41F4051C1DAEB45800B17E0E /* BlurView.swift */; };
		41F4053B1DAEB45800B17E0E /* DesignableButton.swift in Sources */ = {isa = PBXBuildFile; fileRef = 41F4051D1DAEB45800B17E0E /* DesignableButton.swift */; };
		41F4053C1DAEB45800B17E0E /* DesignableImageView.swift in Sources */ = {isa = PBXBuildFile; fileRef = 41F4051E1DAEB45800B17E0E /* DesignableImageView.swift */; };
		41F4053D1DAEB45800B17E0E /* DesignableLabel.swift in Sources */ = {isa = PBXBuildFile; fileRef = 41F4051F1DAEB45800B17E0E /* DesignableLabel.swift */; };
		41F4053E1DAEB45800B17E0E /* DesignableTabBarController.swift in Sources */ = {isa = PBXBuildFile; fileRef = 41F405201DAEB45800B17E0E /* DesignableTabBarController.swift */; };
		41F4053F1DAEB45800B17E0E /* DesignableTextField.swift in Sources */ = {isa = PBXBuildFile; fileRef = 41F405211DAEB45800B17E0E /* DesignableTextField.swift */; };
		41F405401DAEB45800B17E0E /* DesignableTextView.swift in Sources */ = {isa = PBXBuildFile; fileRef = 41F405221DAEB45800B17E0E /* DesignableTextView.swift */; };
		41F405411DAEB45800B17E0E /* DesignableView.swift in Sources */ = {isa = PBXBuildFile; fileRef = 41F405231DAEB45800B17E0E /* DesignableView.swift */; };
		41F405421DAEB45800B17E0E /* ImageLoader.swift in Sources */ = {isa = PBXBuildFile; fileRef = 41F405241DAEB45800B17E0E /* ImageLoader.swift */; };
		41F405431DAEB45800B17E0E /* Info.plist in Resources */ = {isa = PBXBuildFile; fileRef = 41F405251DAEB45800B17E0E /* Info.plist */; };
		41F405441DAEB45800B17E0E /* KeyboardLayoutConstraint.swift in Sources */ = {isa = PBXBuildFile; fileRef = 41F405261DAEB45800B17E0E /* KeyboardLayoutConstraint.swift */; };
		41F405451DAEB45800B17E0E /* LoadingView.swift in Sources */ = {isa = PBXBuildFile; fileRef = 41F405271DAEB45800B17E0E /* LoadingView.swift */; };
		41F405461DAEB45800B17E0E /* LoadingView.xib in Resources */ = {isa = PBXBuildFile; fileRef = 41F405281DAEB45800B17E0E /* LoadingView.xib */; };
		41F405471DAEB45800B17E0E /* Misc.swift in Sources */ = {isa = PBXBuildFile; fileRef = 41F405291DAEB45800B17E0E /* Misc.swift */; };
		41F405481DAEB45800B17E0E /* SoundPlayer.swift in Sources */ = {isa = PBXBuildFile; fileRef = 41F4052A1DAEB45800B17E0E /* SoundPlayer.swift */; };
		41F405491DAEB45800B17E0E /* Spring.swift in Sources */ = {isa = PBXBuildFile; fileRef = 41F4052C1DAEB45800B17E0E /* Spring.swift */; };
		41F4054A1DAEB45800B17E0E /* SpringAnimation.swift in Sources */ = {isa = PBXBuildFile; fileRef = 41F4052D1DAEB45800B17E0E /* SpringAnimation.swift */; };
		41F4054B1DAEB45800B17E0E /* SpringButton.swift in Sources */ = {isa = PBXBuildFile; fileRef = 41F4052E1DAEB45800B17E0E /* SpringButton.swift */; };
		41F4054C1DAEB45800B17E0E /* SpringImageView.swift in Sources */ = {isa = PBXBuildFile; fileRef = 41F4052F1DAEB45800B17E0E /* SpringImageView.swift */; };
		41F4054D1DAEB45800B17E0E /* SpringLabel.swift in Sources */ = {isa = PBXBuildFile; fileRef = 41F405301DAEB45800B17E0E /* SpringLabel.swift */; };
		41F4054E1DAEB45800B17E0E /* SpringTextField.swift in Sources */ = {isa = PBXBuildFile; fileRef = 41F405311DAEB45800B17E0E /* SpringTextField.swift */; };
		41F4054F1DAEB45800B17E0E /* SpringTextView.swift in Sources */ = {isa = PBXBuildFile; fileRef = 41F405321DAEB45800B17E0E /* SpringTextView.swift */; };
		41F405501DAEB45800B17E0E /* SpringView.swift in Sources */ = {isa = PBXBuildFile; fileRef = 41F405331DAEB45800B17E0E /* SpringView.swift */; };
		41F405511DAEB45800B17E0E /* TransitionManager.swift in Sources */ = {isa = PBXBuildFile; fileRef = 41F405341DAEB45800B17E0E /* TransitionManager.swift */; };
		41F405521DAEB45800B17E0E /* TransitionZoom.swift in Sources */ = {isa = PBXBuildFile; fileRef = 41F405351DAEB45800B17E0E /* TransitionZoom.swift */; };
		41F405531DAEB45800B17E0E /* UnwindSegue.swift in Sources */ = {isa = PBXBuildFile; fileRef = 41F405361DAEB45800B17E0E /* UnwindSegue.swift */; };
/* End PBXBuildFile section */

/* Begin PBXFileReference section */
		4104E7BC1DAEB0DD0005B019 /* SwiftyJSON.framework */ = {isa = PBXFileReference; lastKnownFileType = wrapper.framework; name = SwiftyJSON.framework; path = Carthage/Build/iOS/SwiftyJSON.framework; sourceTree = SOURCE_ROOT; };
		4113833B1DB3A2BA005530CE /* AlamofireImage.framework */ = {isa = PBXFileReference; lastKnownFileType = wrapper.framework; name = AlamofireImage.framework; path = Carthage/Build/iOS/AlamofireImage.framework; sourceTree = SOURCE_ROOT; };
		411D55F41D9AF50A0056EE98 /* Zeitblick.app */ = {isa = PBXFileReference; explicitFileType = wrapper.application; includeInIndex = 0; path = Zeitblick.app; sourceTree = BUILT_PRODUCTS_DIR; };
		412B31A31DAEB1A0003DD5FE /* Assets.xcassets */ = {isa = PBXFileReference; lastKnownFileType = folder.assetcatalog; name = Assets.xcassets; path = Zeitblick/Assets.xcassets; sourceTree = SOURCE_ROOT; };
		412B31A51DAEB1B0003DD5FE /* Info.plist */ = {isa = PBXFileReference; fileEncoding = 4; lastKnownFileType = text.plist.xml; name = Info.plist; path = Zeitblick/Info.plist; sourceTree = SOURCE_ROOT; };
		412B31A71DAEB1BE003DD5FE /* AppDelegate.swift */ = {isa = PBXFileReference; fileEncoding = 4; lastKnownFileType = sourcecode.swift; name = AppDelegate.swift; path = Zeitblick/AppDelegate.swift; sourceTree = SOURCE_ROOT; };
		412B31A91DAEB1CF003DD5FE /* ImageHelper.swift */ = {isa = PBXFileReference; fileEncoding = 4; lastKnownFileType = sourcecode.swift; name = ImageHelper.swift; path = Zeitblick/ImageHelper.swift; sourceTree = SOURCE_ROOT; };
		412B31AB1DAEB1DA003DD5FE /* ViewController.swift */ = {isa = PBXFileReference; fileEncoding = 4; lastKnownFileType = sourcecode.swift; name = ViewController.swift; path = Zeitblick/ViewController.swift; sourceTree = SOURCE_ROOT; };
		412B31AD1DAEB1E2003DD5FE /* Launch.xib */ = {isa = PBXFileReference; fileEncoding = 4; lastKnownFileType = file.xib; name = Launch.xib; path = Zeitblick/Launch.xib; sourceTree = SOURCE_ROOT; };
		412B31B11DAEB24D003DD5FE /* Environment.swift */ = {isa = PBXFileReference; fileEncoding = 4; lastKnownFileType = sourcecode.swift; name = Environment.swift; path = Zeitblick/Environment/Environment.swift; sourceTree = SOURCE_ROOT; };
		412B31B31DAEB259003DD5FE /* Environment.plist */ = {isa = PBXFileReference; fileEncoding = 4; lastKnownFileType = text.plist.xml; name = Environment.plist; path = Zeitblick/Environment/Environment.plist; sourceTree = SOURCE_ROOT; };
		41BB7D8A1D9C65530007ADFE /* Alamofire.framework */ = {isa = PBXFileReference; lastKnownFileType = wrapper.framework; name = Alamofire.framework; path = Carthage/Build/iOS/Alamofire.framework; sourceTree = SOURCE_ROOT; };
		41F405191DAEB45800B17E0E /* AsyncButton.swift */ = {isa = PBXFileReference; fileEncoding = 4; lastKnownFileType = sourcecode.swift; path = AsyncButton.swift; sourceTree = "<group>"; };
		41F4051A1DAEB45800B17E0E /* AsyncImageView.swift */ = {isa = PBXFileReference; fileEncoding = 4; lastKnownFileType = sourcecode.swift; path = AsyncImageView.swift; sourceTree = "<group>"; };
		41F4051B1DAEB45800B17E0E /* AutoTextView.swift */ = {isa = PBXFileReference; fileEncoding = 4; lastKnownFileType = sourcecode.swift; path = AutoTextView.swift; sourceTree = "<group>"; };
		41F4051C1DAEB45800B17E0E /* BlurView.swift */ = {isa = PBXFileReference; fileEncoding = 4; lastKnownFileType = sourcecode.swift; path = BlurView.swift; sourceTree = "<group>"; };
		41F4051D1DAEB45800B17E0E /* DesignableButton.swift */ = {isa = PBXFileReference; fileEncoding = 4; lastKnownFileType = sourcecode.swift; path = DesignableButton.swift; sourceTree = "<group>"; };
		41F4051E1DAEB45800B17E0E /* DesignableImageView.swift */ = {isa = PBXFileReference; fileEncoding = 4; lastKnownFileType = sourcecode.swift; path = DesignableImageView.swift; sourceTree = "<group>"; };
		41F4051F1DAEB45800B17E0E /* DesignableLabel.swift */ = {isa = PBXFileReference; fileEncoding = 4; lastKnownFileType = sourcecode.swift; path = DesignableLabel.swift; sourceTree = "<group>"; };
		41F405201DAEB45800B17E0E /* DesignableTabBarController.swift */ = {isa = PBXFileReference; fileEncoding = 4; lastKnownFileType = sourcecode.swift; path = DesignableTabBarController.swift; sourceTree = "<group>"; };
		41F405211DAEB45800B17E0E /* DesignableTextField.swift */ = {isa = PBXFileReference; fileEncoding = 4; lastKnownFileType = sourcecode.swift; path = DesignableTextField.swift; sourceTree = "<group>"; };
		41F405221DAEB45800B17E0E /* DesignableTextView.swift */ = {isa = PBXFileReference; fileEncoding = 4; lastKnownFileType = sourcecode.swift; path = DesignableTextView.swift; sourceTree = "<group>"; };
		41F405231DAEB45800B17E0E /* DesignableView.swift */ = {isa = PBXFileReference; fileEncoding = 4; lastKnownFileType = sourcecode.swift; path = DesignableView.swift; sourceTree = "<group>"; };
		41F405241DAEB45800B17E0E /* ImageLoader.swift */ = {isa = PBXFileReference; fileEncoding = 4; lastKnownFileType = sourcecode.swift; path = ImageLoader.swift; sourceTree = "<group>"; };
		41F405251DAEB45800B17E0E /* Info.plist */ = {isa = PBXFileReference; fileEncoding = 4; lastKnownFileType = text.plist.xml; path = Info.plist; sourceTree = "<group>"; };
		41F405261DAEB45800B17E0E /* KeyboardLayoutConstraint.swift */ = {isa = PBXFileReference; fileEncoding = 4; lastKnownFileType = sourcecode.swift; path = KeyboardLayoutConstraint.swift; sourceTree = "<group>"; };
		41F405271DAEB45800B17E0E /* LoadingView.swift */ = {isa = PBXFileReference; fileEncoding = 4; lastKnownFileType = sourcecode.swift; path = LoadingView.swift; sourceTree = "<group>"; };
		41F405281DAEB45800B17E0E /* LoadingView.xib */ = {isa = PBXFileReference; fileEncoding = 4; lastKnownFileType = file.xib; path = LoadingView.xib; sourceTree = "<group>"; };
		41F405291DAEB45800B17E0E /* Misc.swift */ = {isa = PBXFileReference; fileEncoding = 4; lastKnownFileType = sourcecode.swift; path = Misc.swift; sourceTree = "<group>"; };
		41F4052A1DAEB45800B17E0E /* SoundPlayer.swift */ = {isa = PBXFileReference; fileEncoding = 4; lastKnownFileType = sourcecode.swift; path = SoundPlayer.swift; sourceTree = "<group>"; };
		41F4052B1DAEB45800B17E0E /* Spring.h */ = {isa = PBXFileReference; fileEncoding = 4; lastKnownFileType = sourcecode.c.h; path = Spring.h; sourceTree = "<group>"; };
		41F4052C1DAEB45800B17E0E /* Spring.swift */ = {isa = PBXFileReference; fileEncoding = 4; lastKnownFileType = sourcecode.swift; path = Spring.swift; sourceTree = "<group>"; };
		41F4052D1DAEB45800B17E0E /* SpringAnimation.swift */ = {isa = PBXFileReference; fileEncoding = 4; lastKnownFileType = sourcecode.swift; path = SpringAnimation.swift; sourceTree = "<group>"; };
		41F4052E1DAEB45800B17E0E /* SpringButton.swift */ = {isa = PBXFileReference; fileEncoding = 4; lastKnownFileType = sourcecode.swift; path = SpringButton.swift; sourceTree = "<group>"; };
		41F4052F1DAEB45800B17E0E /* SpringImageView.swift */ = {isa = PBXFileReference; fileEncoding = 4; lastKnownFileType = sourcecode.swift; path = SpringImageView.swift; sourceTree = "<group>"; };
		41F405301DAEB45800B17E0E /* SpringLabel.swift */ = {isa = PBXFileReference; fileEncoding = 4; lastKnownFileType = sourcecode.swift; path = SpringLabel.swift; sourceTree = "<group>"; };
		41F405311DAEB45800B17E0E /* SpringTextField.swift */ = {isa = PBXFileReference; fileEncoding = 4; lastKnownFileType = sourcecode.swift; path = SpringTextField.swift; sourceTree = "<group>"; };
		41F405321DAEB45800B17E0E /* SpringTextView.swift */ = {isa = PBXFileReference; fileEncoding = 4; lastKnownFileType = sourcecode.swift; path = SpringTextView.swift; sourceTree = "<group>"; };
		41F405331DAEB45800B17E0E /* SpringView.swift */ = {isa = PBXFileReference; fileEncoding = 4; lastKnownFileType = sourcecode.swift; path = SpringView.swift; sourceTree = "<group>"; };
		41F405341DAEB45800B17E0E /* TransitionManager.swift */ = {isa = PBXFileReference; fileEncoding = 4; lastKnownFileType = sourcecode.swift; path = TransitionManager.swift; sourceTree = "<group>"; };
		41F405351DAEB45800B17E0E /* TransitionZoom.swift */ = {isa = PBXFileReference; fileEncoding = 4; lastKnownFileType = sourcecode.swift; path = TransitionZoom.swift; sourceTree = "<group>"; };
		41F405361DAEB45800B17E0E /* UnwindSegue.swift */ = {isa = PBXFileReference; fileEncoding = 4; lastKnownFileType = sourcecode.swift; path = UnwindSegue.swift; sourceTree = "<group>"; };
		41F405561DAEB4CC00B17E0E /* Base */ = {isa = PBXFileReference; lastKnownFileType = file.storyboard; name = Base; path = Zeitblick/Base.lproj/Main.storyboard; sourceTree = SOURCE_ROOT; };
/* End PBXFileReference section */

/* Begin PBXFrameworksBuildPhase section */
		411D55F11D9AF50A0056EE98 /* Frameworks */ = {
			isa = PBXFrameworksBuildPhase;
			buildActionMask = 2147483647;
			files = (
				41BB7D8B1D9C65530007ADFE /* Alamofire.framework in Frameworks */,
				4113833C1DB3A2BA005530CE /* AlamofireImage.framework in Frameworks */,
				4104E7BD1DAEB0DD0005B019 /* SwiftyJSON.framework in Frameworks */,
			);
			runOnlyForDeploymentPostprocessing = 0;
		};
/* End PBXFrameworksBuildPhase section */

/* Begin PBXGroup section */
		4103B5701DA005A70065593A /* Environment */ = {
			isa = PBXGroup;
			children = (
				412B31B31DAEB259003DD5FE /* Environment.plist */,
				412B31B11DAEB24D003DD5FE /* Environment.swift */,
			);
			name = Environment;
			sourceTree = "<group>";
		};
		4104E7BB1DAEACE10005B019 /* Resources */ = {
			isa = PBXGroup;
			children = (
				412B31A31DAEB1A0003DD5FE /* Assets.xcassets */,
				412B31A51DAEB1B0003DD5FE /* Info.plist */,
			);
			name = Resources;
			sourceTree = "<group>";
		};
		411D55EB1D9AF50A0056EE98 = {
			isa = PBXGroup;
			children = (
				411D55F61D9AF50A0056EE98 /* Zeitblick */,
				411D55F51D9AF50A0056EE98 /* Products */,
			);
			sourceTree = "<group>";
		};
		411D55F51D9AF50A0056EE98 /* Products */ = {
			isa = PBXGroup;
			children = (
				411D55F41D9AF50A0056EE98 /* Zeitblick.app */,
			);
			name = Products;
			sourceTree = "<group>";
		};
		411D55F61D9AF50A0056EE98 /* Zeitblick */ = {
			isa = PBXGroup;
			children = (
				4103B5701DA005A70065593A /* Environment */,
				4104E7BB1DAEACE10005B019 /* Resources */,
				41BB7D891D9C652A0007ADFE /* vendor */,
				412B31A71DAEB1BE003DD5FE /* AppDelegate.swift */,
				412B31A91DAEB1CF003DD5FE /* ImageHelper.swift */,
				412B31AB1DAEB1DA003DD5FE /* ViewController.swift */,
				412B31AD1DAEB1E2003DD5FE /* Launch.xib */,
				41F405551DAEB4CC00B17E0E /* Main.storyboard */,
			);
			name = Zeitblick;
			path = "Epic Selfie";
			sourceTree = "<group>";
		};
		41BB7D891D9C652A0007ADFE /* vendor */ = {
			isa = PBXGroup;
			children = (
				41BB7D8A1D9C65530007ADFE /* Alamofire.framework */,
				4113833B1DB3A2BA005530CE /* AlamofireImage.framework */,
				41F405181DAEB45800B17E0E /* Spring */,
				4104E7BC1DAEB0DD0005B019 /* SwiftyJSON.framework */,
			);
			name = vendor;
			sourceTree = "<group>";
		};
		41F405181DAEB45800B17E0E /* Spring */ = {
			isa = PBXGroup;
			children = (
				41F405191DAEB45800B17E0E /* AsyncButton.swift */,
				41F4051A1DAEB45800B17E0E /* AsyncImageView.swift */,
				41F4051B1DAEB45800B17E0E /* AutoTextView.swift */,
				41F4051C1DAEB45800B17E0E /* BlurView.swift */,
				41F4051D1DAEB45800B17E0E /* DesignableButton.swift */,
				41F4051E1DAEB45800B17E0E /* DesignableImageView.swift */,
				41F4051F1DAEB45800B17E0E /* DesignableLabel.swift */,
				41F405201DAEB45800B17E0E /* DesignableTabBarController.swift */,
				41F405211DAEB45800B17E0E /* DesignableTextField.swift */,
				41F405221DAEB45800B17E0E /* DesignableTextView.swift */,
				41F405231DAEB45800B17E0E /* DesignableView.swift */,
				41F405241DAEB45800B17E0E /* ImageLoader.swift */,
				41F405251DAEB45800B17E0E /* Info.plist */,
				41F405261DAEB45800B17E0E /* KeyboardLayoutConstraint.swift */,
				41F405271DAEB45800B17E0E /* LoadingView.swift */,
				41F405281DAEB45800B17E0E /* LoadingView.xib */,
				41F405291DAEB45800B17E0E /* Misc.swift */,
				41F4052A1DAEB45800B17E0E /* SoundPlayer.swift */,
				41F4052B1DAEB45800B17E0E /* Spring.h */,
				41F4052C1DAEB45800B17E0E /* Spring.swift */,
				41F4052D1DAEB45800B17E0E /* SpringAnimation.swift */,
				41F4052E1DAEB45800B17E0E /* SpringButton.swift */,
				41F4052F1DAEB45800B17E0E /* SpringImageView.swift */,
				41F405301DAEB45800B17E0E /* SpringLabel.swift */,
				41F405311DAEB45800B17E0E /* SpringTextField.swift */,
				41F405321DAEB45800B17E0E /* SpringTextView.swift */,
				41F405331DAEB45800B17E0E /* SpringView.swift */,
				41F405341DAEB45800B17E0E /* TransitionManager.swift */,
				41F405351DAEB45800B17E0E /* TransitionZoom.swift */,
				41F405361DAEB45800B17E0E /* UnwindSegue.swift */,
			);
			name = Spring;
			path = Zeitblick/vendor/Spring;
			sourceTree = SOURCE_ROOT;
		};
/* End PBXGroup section */

/* Begin PBXNativeTarget section */
		411D55F31D9AF50A0056EE98 /* Zeitblick */ = {
			isa = PBXNativeTarget;
			buildConfigurationList = 411D56061D9AF50A0056EE98 /* Build configuration list for PBXNativeTarget "Zeitblick" */;
			buildPhases = (
				41BB7D901D9C65CA0007ADFE /* Carthage */,
				411D55F01D9AF50A0056EE98 /* Sources */,
				411D55F11D9AF50A0056EE98 /* Frameworks */,
				411D55F21D9AF50A0056EE98 /* Resources */,
			);
			buildRules = (
			);
			dependencies = (
			);
			name = Zeitblick;
			productName = "Epic Selfie";
			productReference = 411D55F41D9AF50A0056EE98 /* Zeitblick.app */;
			productType = "com.apple.product-type.application";
		};
/* End PBXNativeTarget section */

/* Begin PBXProject section */
		411D55EC1D9AF50A0056EE98 /* Project object */ = {
			isa = PBXProject;
			attributes = {
				LastSwiftUpdateCheck = 0800;
				LastUpgradeCheck = 0800;
				ORGANIZATIONNAME = "Epic Selfie";
				TargetAttributes = {
					411D55F31D9AF50A0056EE98 = {
						CreatedOnToolsVersion = 8.0;
						DevelopmentTeam = 58X8763ADE;
						ProvisioningStyle = Automatic;
					};
				};
			};
			buildConfigurationList = 411D55EF1D9AF50A0056EE98 /* Build configuration list for PBXProject "Zeitblick" */;
			compatibilityVersion = "Xcode 3.2";
			developmentRegion = English;
			hasScannedForEncodings = 0;
			knownRegions = (
				en,
				Base,
			);
			mainGroup = 411D55EB1D9AF50A0056EE98;
			productRefGroup = 411D55F51D9AF50A0056EE98 /* Products */;
			projectDirPath = "";
			projectRoot = "";
			targets = (
				411D55F31D9AF50A0056EE98 /* Zeitblick */,
			);
		};
/* End PBXProject section */

/* Begin PBXResourcesBuildPhase section */
		411D55F21D9AF50A0056EE98 /* Resources */ = {
			isa = PBXResourcesBuildPhase;
			buildActionMask = 2147483647;
			files = (
				412651F81DAEB51100865395 /* Main.storyboard in Resources */,
				412B31B41DAEB259003DD5FE /* Environment.plist in Resources */,
				412B31A41DAEB1A0003DD5FE /* Assets.xcassets in Resources */,
				41F405461DAEB45800B17E0E /* LoadingView.xib in Resources */,
				41F405431DAEB45800B17E0E /* Info.plist in Resources */,
				412B31AE1DAEB1E2003DD5FE /* Launch.xib in Resources */,
			);
			runOnlyForDeploymentPostprocessing = 0;
		};
/* End PBXResourcesBuildPhase section */

/* Begin PBXShellScriptBuildPhase section */
		41BB7D901D9C65CA0007ADFE /* Carthage */ = {
			isa = PBXShellScriptBuildPhase;
			buildActionMask = 2147483647;
			files = (
			);
			inputPaths = (
				"$(SRCROOT)/Carthage/Build/iOS/Alamofire.framework",
				"$(SRCROOT)/Carthage/Build/iOS/SwiftyJSON.framework",
				"$(SRCROOT)/Carthage/Build/iOS/AlamofireImage.framework",
			);
			name = Carthage;
			outputPaths = (
			);
			runOnlyForDeploymentPostprocessing = 0;
			shellPath = /bin/sh;
			shellScript = "/usr/local/bin/carthage copy-frameworks";
		};
/* End PBXShellScriptBuildPhase section */

/* Begin PBXSourcesBuildPhase section */
		411D55F01D9AF50A0056EE98 /* Sources */ = {
			isa = PBXSourcesBuildPhase;
			buildActionMask = 2147483647;
			files = (
				412B31B21DAEB24D003DD5FE /* Environment.swift in Sources */,
				41F4053A1DAEB45800B17E0E /* BlurView.swift in Sources */,
				41F405441DAEB45800B17E0E /* KeyboardLayoutConstraint.swift in Sources */,
				41F4054F1DAEB45800B17E0E /* SpringTextView.swift in Sources */,
				41F405371DAEB45800B17E0E /* AsyncButton.swift in Sources */,
				41F405401DAEB45800B17E0E /* DesignableTextView.swift in Sources */,
				41F405531DAEB45800B17E0E /* UnwindSegue.swift in Sources */,
				41F4054D1DAEB45800B17E0E /* SpringLabel.swift in Sources */,
				412B31A81DAEB1BE003DD5FE /* AppDelegate.swift in Sources */,
				41F405391DAEB45800B17E0E /* AutoTextView.swift in Sources */,
				41F4054A1DAEB45800B17E0E /* SpringAnimation.swift in Sources */,
				41F405421DAEB45800B17E0E /* ImageLoader.swift in Sources */,
				41F4054E1DAEB45800B17E0E /* SpringTextField.swift in Sources */,
				412B31AC1DAEB1DA003DD5FE /* ViewController.swift in Sources */,
				41F4053C1DAEB45800B17E0E /* DesignableImageView.swift in Sources */,
				41F405481DAEB45800B17E0E /* SoundPlayer.swift in Sources */,
				41F405471DAEB45800B17E0E /* Misc.swift in Sources */,
				41F405411DAEB45800B17E0E /* DesignableView.swift in Sources */,
				41F405501DAEB45800B17E0E /* SpringView.swift in Sources */,
				412B31AA1DAEB1CF003DD5FE /* ImageHelper.swift in Sources */,
				41F405381DAEB45800B17E0E /* AsyncImageView.swift in Sources */,
				41F4053B1DAEB45800B17E0E /* DesignableButton.swift in Sources */,
				41F405521DAEB45800B17E0E /* TransitionZoom.swift in Sources */,
				41F4054C1DAEB45800B17E0E /* SpringImageView.swift in Sources */,
				41F4054B1DAEB45800B17E0E /* SpringButton.swift in Sources */,
				41F4053E1DAEB45800B17E0E /* DesignableTabBarController.swift in Sources */,
				41F4053D1DAEB45800B17E0E /* DesignableLabel.swift in Sources */,
				41F405511DAEB45800B17E0E /* TransitionManager.swift in Sources */,
				41F4053F1DAEB45800B17E0E /* DesignableTextField.swift in Sources */,
				41F405451DAEB45800B17E0E /* LoadingView.swift in Sources */,
				41F405491DAEB45800B17E0E /* Spring.swift in Sources */,
			);
			runOnlyForDeploymentPostprocessing = 0;
		};
/* End PBXSourcesBuildPhase section */

/* Begin PBXVariantGroup section */
		41F405551DAEB4CC00B17E0E /* Main.storyboard */ = {
			isa = PBXVariantGroup;
			children = (
				41F405561DAEB4CC00B17E0E /* Base */,
			);
			name = Main.storyboard;
			sourceTree = "<group>";
		};
/* End PBXVariantGroup section */

/* Begin XCBuildConfiguration section */
		411D56041D9AF50A0056EE98 /* Debug */ = {
			isa = XCBuildConfiguration;
			buildSettings = {
				ALWAYS_SEARCH_USER_PATHS = NO;
				CLANG_ANALYZER_NONNULL = YES;
				CLANG_CXX_LANGUAGE_STANDARD = "gnu++0x";
				CLANG_CXX_LIBRARY = "libc++";
				CLANG_ENABLE_MODULES = YES;
				CLANG_ENABLE_OBJC_ARC = YES;
				CLANG_WARN_BOOL_CONVERSION = YES;
				CLANG_WARN_CONSTANT_CONVERSION = YES;
				CLANG_WARN_DIRECT_OBJC_ISA_USAGE = YES_ERROR;
				CLANG_WARN_DOCUMENTATION_COMMENTS = YES;
				CLANG_WARN_EMPTY_BODY = YES;
				CLANG_WARN_ENUM_CONVERSION = YES;
				CLANG_WARN_INFINITE_RECURSION = YES;
				CLANG_WARN_INT_CONVERSION = YES;
				CLANG_WARN_OBJC_ROOT_CLASS = YES_ERROR;
				CLANG_WARN_SUSPICIOUS_MOVES = YES;
				CLANG_WARN_UNREACHABLE_CODE = YES;
				CLANG_WARN__DUPLICATE_METHOD_MATCH = YES;
				"CODE_SIGN_IDENTITY[sdk=iphoneos*]" = "iPhone Developer";
				COPY_PHASE_STRIP = NO;
				DEBUG_INFORMATION_FORMAT = dwarf;
				ENABLE_STRICT_OBJC_MSGSEND = YES;
				ENABLE_TESTABILITY = YES;
				GCC_C_LANGUAGE_STANDARD = gnu99;
				GCC_DYNAMIC_NO_PIC = NO;
				GCC_NO_COMMON_BLOCKS = YES;
				GCC_OPTIMIZATION_LEVEL = 0;
				GCC_PREPROCESSOR_DEFINITIONS = (
					"DEBUG=1",
					"$(inherited)",
				);
				GCC_WARN_64_TO_32_BIT_CONVERSION = YES;
				GCC_WARN_ABOUT_RETURN_TYPE = YES_ERROR;
				GCC_WARN_UNDECLARED_SELECTOR = YES;
				GCC_WARN_UNINITIALIZED_AUTOS = YES_AGGRESSIVE;
				GCC_WARN_UNUSED_FUNCTION = YES;
				GCC_WARN_UNUSED_VARIABLE = YES;
				IPHONEOS_DEPLOYMENT_TARGET = 9.3;
				MTL_ENABLE_DEBUG_INFO = YES;
				ONLY_ACTIVE_ARCH = YES;
				SDKROOT = iphoneos;
				SWIFT_ACTIVE_COMPILATION_CONDITIONS = DEBUG;
				SWIFT_OPTIMIZATION_LEVEL = "-Onone";
			};
			name = Debug;
		};
		411D56051D9AF50A0056EE98 /* Release */ = {
			isa = XCBuildConfiguration;
			buildSettings = {
				ALWAYS_SEARCH_USER_PATHS = NO;
				CLANG_ANALYZER_NONNULL = YES;
				CLANG_CXX_LANGUAGE_STANDARD = "gnu++0x";
				CLANG_CXX_LIBRARY = "libc++";
				CLANG_ENABLE_MODULES = YES;
				CLANG_ENABLE_OBJC_ARC = YES;
				CLANG_WARN_BOOL_CONVERSION = YES;
				CLANG_WARN_CONSTANT_CONVERSION = YES;
				CLANG_WARN_DIRECT_OBJC_ISA_USAGE = YES_ERROR;
				CLANG_WARN_DOCUMENTATION_COMMENTS = YES;
				CLANG_WARN_EMPTY_BODY = YES;
				CLANG_WARN_ENUM_CONVERSION = YES;
				CLANG_WARN_INFINITE_RECURSION = YES;
				CLANG_WARN_INT_CONVERSION = YES;
				CLANG_WARN_OBJC_ROOT_CLASS = YES_ERROR;
				CLANG_WARN_SUSPICIOUS_MOVES = YES;
				CLANG_WARN_UNREACHABLE_CODE = YES;
				CLANG_WARN__DUPLICATE_METHOD_MATCH = YES;
				"CODE_SIGN_IDENTITY[sdk=iphoneos*]" = "iPhone Developer";
				COPY_PHASE_STRIP = NO;
				DEBUG_INFORMATION_FORMAT = "dwarf-with-dsym";
				ENABLE_NS_ASSERTIONS = NO;
				ENABLE_STRICT_OBJC_MSGSEND = YES;
				GCC_C_LANGUAGE_STANDARD = gnu99;
				GCC_NO_COMMON_BLOCKS = YES;
				GCC_WARN_64_TO_32_BIT_CONVERSION = YES;
				GCC_WARN_ABOUT_RETURN_TYPE = YES_ERROR;
				GCC_WARN_UNDECLARED_SELECTOR = YES;
				GCC_WARN_UNINITIALIZED_AUTOS = YES_AGGRESSIVE;
				GCC_WARN_UNUSED_FUNCTION = YES;
				GCC_WARN_UNUSED_VARIABLE = YES;
				IPHONEOS_DEPLOYMENT_TARGET = 9.3;
				MTL_ENABLE_DEBUG_INFO = NO;
				SDKROOT = iphoneos;
				SWIFT_OPTIMIZATION_LEVEL = "-Owholemodule";
				VALIDATE_PRODUCT = YES;
			};
			name = Release;
		};
		411D56071D9AF50A0056EE98 /* Debug */ = {
			isa = XCBuildConfiguration;
			buildSettings = {
				ASSETCATALOG_COMPILER_APPICON_NAME = AppIcon;
				DEVELOPMENT_TEAM = 58X8763ADE;
				FRAMEWORK_SEARCH_PATHS = (
					"$(inherited)",
					"$(PROJECT_DIR)/Carthage/Build/iOS",
					"$(PROJECT_DIR)/Zeitblick",
				);
				INFOPLIST_FILE = Zeitblick/Info.plist;
				IPHONEOS_DEPLOYMENT_TARGET = 9.3;
				LD_RUNPATH_SEARCH_PATHS = "$(inherited) @executable_path/Frameworks";
				PRODUCT_BUNDLE_IDENTIFIER = de.digitalstuff.ZeitblickMKG;
				PRODUCT_NAME = "$(TARGET_NAME)";
				SWIFT_VERSION = 3.0;
			};
			name = Debug;
		};
		411D56081D9AF50A0056EE98 /* Release */ = {
			isa = XCBuildConfiguration;
			buildSettings = {
				ASSETCATALOG_COMPILER_APPICON_NAME = AppIcon;
				DEVELOPMENT_TEAM = 58X8763ADE;
				FRAMEWORK_SEARCH_PATHS = (
					"$(inherited)",
					"$(PROJECT_DIR)/Carthage/Build/iOS",
					"$(PROJECT_DIR)/Zeitblick",
				);
				INFOPLIST_FILE = Zeitblick/Info.plist;
				IPHONEOS_DEPLOYMENT_TARGET = 9.3;
				LD_RUNPATH_SEARCH_PATHS = "$(inherited) @executable_path/Frameworks";
				PRODUCT_BUNDLE_IDENTIFIER = de.digitalstuff.ZeitblickMKG;
				PRODUCT_NAME = "$(TARGET_NAME)";
				SWIFT_VERSION = 3.0;
			};
			name = Release;
		};
/* End XCBuildConfiguration section */

/* Begin XCConfigurationList section */
		411D55EF1D9AF50A0056EE98 /* Build configuration list for PBXProject "Zeitblick" */ = {
			isa = XCConfigurationList;
			buildConfigurations = (
				411D56041D9AF50A0056EE98 /* Debug */,
				411D56051D9AF50A0056EE98 /* Release */,
			);
			defaultConfigurationIsVisible = 0;
			defaultConfigurationName = Release;
		};
		411D56061D9AF50A0056EE98 /* Build configuration list for PBXNativeTarget "Zeitblick" */ = {
			isa = XCConfigurationList;
			buildConfigurations = (
				411D56071D9AF50A0056EE98 /* Debug */,
				411D56081D9AF50A0056EE98 /* Release */,
			);
			defaultConfigurationIsVisible = 0;
			defaultConfigurationName = Release;
		};
/* End XCConfigurationList section */
	};
	rootObject = 411D55EC1D9AF50A0056EE98 /* Project object */;
}
